// !$*UTF8*$!
{
	archiveVersion = 1;
	classes = {
	};
	objectVersion = 50;
	objects = {

/* Begin PBXBuildFile section */
		A7AD4A61223770AF004E527C /* AppDelegate.swift in Sources */ = {isa = PBXBuildFile; fileRef = A7AD4A60223770AF004E527C /* AppDelegate.swift */; };
		A7AD4A66223770AF004E527C /* Main.storyboard in Resources */ = {isa = PBXBuildFile; fileRef = A7AD4A64223770AF004E527C /* Main.storyboard */; };
		A7AD4A68223770AF004E527C /* Assets.xcassets in Resources */ = {isa = PBXBuildFile; fileRef = A7AD4A67223770AF004E527C /* Assets.xcassets */; };
		A7AD4A6B223770AF004E527C /* LaunchScreen.storyboard in Resources */ = {isa = PBXBuildFile; fileRef = A7AD4A69223770AF004E527C /* LaunchScreen.storyboard */; };
		A7AD4A73223782EF004E527C /* ViewController.swift in Sources */ = {isa = PBXBuildFile; fileRef = A7AD4A72223782EF004E527C /* ViewController.swift */; };
		A7AD4A792237889C004E527C /* receivingMessageCell.swift in Sources */ = {isa = PBXBuildFile; fileRef = A7AD4A782237889C004E527C /* receivingMessageCell.swift */; };
		A7AD4A7B223788A9004E527C /* sendingMessageCell.swift in Sources */ = {isa = PBXBuildFile; fileRef = A7AD4A7A223788A9004E527C /* sendingMessageCell.swift */; };
		A7AD4A7F22378FFE004E527C /* Message.swift in Sources */ = {isa = PBXBuildFile; fileRef = A7AD4A7E22378FFE004E527C /* Message.swift */; };
/* End PBXBuildFile section */

/* Begin PBXFileReference section */
		A7AD4A5D223770AF004E527C /* UITableView-02.app */ = {isa = PBXFileReference; explicitFileType = wrapper.application; includeInIndex = 0; path = "UITableView-02.app"; sourceTree = BUILT_PRODUCTS_DIR; };
		A7AD4A60223770AF004E527C /* AppDelegate.swift */ = {isa = PBXFileReference; lastKnownFileType = sourcecode.swift; path = AppDelegate.swift; sourceTree = "<group>"; };
		A7AD4A65223770AF004E527C /* Base */ = {isa = PBXFileReference; lastKnownFileType = file.storyboard; name = Base; path = Base.lproj/Main.storyboard; sourceTree = "<group>"; };
		A7AD4A67223770AF004E527C /* Assets.xcassets */ = {isa = PBXFileReference; lastKnownFileType = folder.assetcatalog; path = Assets.xcassets; sourceTree = "<group>"; };
		A7AD4A6A223770AF004E527C /* Base */ = {isa = PBXFileReference; lastKnownFileType = file.storyboard; name = Base; path = Base.lproj/LaunchScreen.storyboard; sourceTree = "<group>"; };
		A7AD4A6C223770AF004E527C /* Info.plist */ = {isa = PBXFileReference; lastKnownFileType = text.plist.xml; path = Info.plist; sourceTree = "<group>"; };
		A7AD4A72223782EF004E527C /* ViewController.swift */ = {isa = PBXFileReference; lastKnownFileType = sourcecode.swift; path = ViewController.swift; sourceTree = "<group>"; };
		A7AD4A782237889C004E527C /* receivingMessageCell.swift */ = {isa = PBXFileReference; lastKnownFileType = sourcecode.swift; path = receivingMessageCell.swift; sourceTree = "<group>"; };
		A7AD4A7A223788A9004E527C /* sendingMessageCell.swift */ = {isa = PBXFileReference; lastKnownFileType = sourcecode.swift; path = sendingMessageCell.swift; sourceTree = "<group>"; };
		A7AD4A7E22378FFE004E527C /* Message.swift */ = {isa = PBXFileReference; lastKnownFileType = sourcecode.swift; path = Message.swift; sourceTree = "<group>"; };
/* End PBXFileReference section */

/* Begin PBXFrameworksBuildPhase section */
		A7AD4A5A223770AF004E527C /* Frameworks */ = {
			isa = PBXFrameworksBuildPhase;
			buildActionMask = 2147483647;
			files = (
			);
			runOnlyForDeploymentPostprocessing = 0;
		};
/* End PBXFrameworksBuildPhase section */

/* Begin PBXGroup section */
		A7AD4A54223770AF004E527C = {
			isa = PBXGroup;
			children = (
				A7AD4A5F223770AF004E527C /* UITableView-02 */,
				A7AD4A5E223770AF004E527C /* Products */,
			);
			sourceTree = "<group>";
		};
		A7AD4A5E223770AF004E527C /* Products */ = {
			isa = PBXGroup;
			children = (
				A7AD4A5D223770AF004E527C /* UITableView-02.app */,
			);
			name = Products;
			sourceTree = "<group>";
		};
		A7AD4A5F223770AF004E527C /* UITableView-02 */ = {
			isa = PBXGroup;
			children = (
				A7AD4A60223770AF004E527C /* AppDelegate.swift */,
				A7AD4A64223770AF004E527C /* Main.storyboard */,
				A7AD4A67223770AF004E527C /* Assets.xcassets */,
				A7AD4A69223770AF004E527C /* LaunchScreen.storyboard */,
				A7AD4A6C223770AF004E527C /* Info.plist */,
				A7AD4A72223782EF004E527C /* ViewController.swift */,
				A7AD4A782237889C004E527C /* receivingMessageCell.swift */,
				A7AD4A7A223788A9004E527C /* sendingMessageCell.swift */,
				A7AD4A7E22378FFE004E527C /* Message.swift */,
			);
			path = "UITableView-02";
			sourceTree = "<group>";
		};
/* End PBXGroup section */

/* Begin PBXNativeTarget section */
		A7AD4A5C223770AF004E527C /* UITableView-02 */ = {
			isa = PBXNativeTarget;
			buildConfigurationList = A7AD4A6F223770AF004E527C /* Build configuration list for PBXNativeTarget "UITableView-02" */;
			buildPhases = (
				A7AD4A59223770AF004E527C /* Sources */,
				A7AD4A5A223770AF004E527C /* Frameworks */,
				A7AD4A5B223770AF004E527C /* Resources */,
			);
			buildRules = (
			);
			dependencies = (
			);
			name = "UITableView-02";
			productName = "UITableView-02";
			productReference = A7AD4A5D223770AF004E527C /* UITableView-02.app */;
			productType = "com.apple.product-type.application";
		};
/* End PBXNativeTarget section */

/* Begin PBXProject section */
		A7AD4A55223770AF004E527C /* Project object */ = {
			isa = PBXProject;
			attributes = {
				LastSwiftUpdateCheck = 1010;
				LastUpgradeCheck = 1010;
				ORGANIZATIONNAME = "Phan Dinh Van";
				TargetAttributes = {
					A7AD4A5C223770AF004E527C = {
						CreatedOnToolsVersion = 10.1;
					};
				};
			};
			buildConfigurationList = A7AD4A58223770AF004E527C /* Build configuration list for PBXProject "UITableView-02" */;
			compatibilityVersion = "Xcode 9.3";
			developmentRegion = en;
			hasScannedForEncodings = 0;
			knownRegions = (
				en,
				Base,
			);
			mainGroup = A7AD4A54223770AF004E527C;
			productRefGroup = A7AD4A5E223770AF004E527C /* Products */;
			projectDirPath = "";
			projectRoot = "";
			targets = (
				A7AD4A5C223770AF004E527C /* UITableView-02 */,
			);
		};
/* End PBXProject section */

/* Begin PBXResourcesBuildPhase section */
		A7AD4A5B223770AF004E527C /* Resources */ = {
			isa = PBXResourcesBuildPhase;
			buildActionMask = 2147483647;
			files = (
				A7AD4A6B223770AF004E527C /* LaunchScreen.storyboard in Resources */,
				A7AD4A68223770AF004E527C /* Assets.xcassets in Resources */,
				A7AD4A66223770AF004E527C /* Main.storyboard in Resources */,
			);
			runOnlyForDeploymentPostprocessing = 0;
		};
/* End PBXResourcesBuildPhase section */

/* Begin PBXSourcesBuildPhase section */
		A7AD4A59223770AF004E527C /* Sources */ = {
			isa = PBXSourcesBuildPhase;
			buildActionMask = 2147483647;
			files = (
				A7AD4A7B223788A9004E527C /* sendingMessageCell.swift in Sources */,
				A7AD4A792237889C004E527C /* receivingMessageCell.swift in Sources */,
				A7AD4A7F22378FFE004E527C /* Message.swift in Sources */,
				A7AD4A73223782EF004E527C /* ViewController.swift in Sources */,
				A7AD4A61223770AF004E527C /* AppDelegate.swift in Sources */,
			);
			runOnlyForDeploymentPostprocessing = 0;
		};
/* End PBXSourcesBuildPhase section */

/* Begin PBXVariantGroup section */
		A7AD4A64223770AF004E527C /* Main.storyboard */ = {
			isa = PBXVariantGroup;
			children = (
				A7AD4A65223770AF004E527C /* Base */,
			);
			name = Main.storyboard;
			sourceTree = "<group>";
		};
		A7AD4A69223770AF004E527C /* LaunchScreen.storyboard */ = {
			isa = PBXVariantGroup;
			children = (
				A7AD4A6A223770AF004E527C /* Base */,
			);
			name = LaunchScreen.storyboard;
			sourceTree = "<group>";
		};
/* End PBXVariantGroup section */

/* Begin XCBuildConfiguration section */
		A7AD4A6D223770AF004E527C /* Debug */ = {
			isa = XCBuildConfiguration;
			buildSettings = {
				ALWAYS_SEARCH_USER_PATHS = NO;
				CLANG_ANALYZER_NONNULL = YES;
				CLANG_ANALYZER_NUMBER_OBJECT_CONVERSION = YES_AGGRESSIVE;
				CLANG_CXX_LANGUAGE_STANDARD = "gnu++14";
				CLANG_CXX_LIBRARY = "libc++";
				CLANG_ENABLE_MODULES = YES;
				CLANG_ENABLE_OBJC_ARC = YES;
				CLANG_ENABLE_OBJC_WEAK = YES;
				CLANG_WARN_BLOCK_CAPTURE_AUTORELEASING = YES;
				CLANG_WARN_BOOL_CONVERSION = YES;
				CLANG_WARN_COMMA = YES;
				CLANG_WARN_CONSTANT_CONVERSION = YES;
				CLANG_WARN_DEPRECATED_OBJC_IMPLEMENTATIONS = YES;
				CLANG_WARN_DIRECT_OBJC_ISA_USAGE = YES_ERROR;
				CLANG_WARN_DOCUMENTATION_COMMENTS = YES;
				CLANG_WARN_EMPTY_BODY = YES;
				CLANG_WARN_ENUM_CONVERSION = YES;
				CLANG_WARN_INFINITE_RECURSION = YES;
				CLANG_WARN_INT_CONVERSION = YES;
				CLANG_WARN_NON_LITERAL_NULL_CONVERSION = YES;
				CLANG_WARN_OBJC_IMPLICIT_RETAIN_SELF = YES;
				CLANG_WARN_OBJC_LITERAL_CONVERSION = YES;
				CLANG_WARN_OBJC_ROOT_CLASS = YES_ERROR;
				CLANG_WARN_RANGE_LOOP_ANALYSIS = YES;
				CLANG_WARN_STRICT_PROTOTYPES = YES;
				CLANG_WARN_SUSPICIOUS_MOVE = YES;
				CLANG_WARN_UNGUARDED_AVAILABILITY = YES_AGGRESSIVE;
				CLANG_WARN_UNREACHABLE_CODE = YES;
				CLANG_WARN__DUPLICATE_METHOD_MATCH = YES;
				CODE_SIGN_IDENTITY = "iPhone Developer";
				COPY_PHASE_STRIP = NO;
				DEBUG_INFORMATION_FORMAT = dwarf;
				ENABLE_STRICT_OBJC_MSGSEND = YES;
				ENABLE_TESTABILITY = YES;
				GCC_C_LANGUAGE_STANDARD = gnu11;
				GCC_DYNAMIC_NO_PIC = NO;
				GCC_NO_COMMON_BLOCKS = YES;
				GCC_OPTIMIZATION_LEVEL = 0;
				GCC_PREPROCESSOR_DEFINITIONS = (
					"DEBUG=1",
					"$(inherited)",
				);
				GCC_WARN_64_TO_32_BIT_CONVERSION = YES;
				GCC_WARN_ABOUT_RETURN_TYPE = YES_ERROR;
				GCC_WARN_UNDECLARED_SELECTOR = YES;
				GCC_WARN_UNINITIALIZED_AUTOS = YES_AGGRESSIVE;
				GCC_WARN_UNUSED_FUNCTION = YES;
				GCC_WARN_UNUSED_VARIABLE = YES;
				IPHONEOS_DEPLOYMENT_TARGET = 12.1;
				MTL_ENABLE_DEBUG_INFO = INCLUDE_SOURCE;
				MTL_FAST_MATH = YES;
				ONLY_ACTIVE_ARCH = YES;
				SDKROOT = iphoneos;
				SWIFT_ACTIVE_COMPILATION_CONDITIONS = DEBUG;
				SWIFT_OPTIMIZATION_LEVEL = "-Onone";
			};
			name = Debug;
		};
		A7AD4A6E223770AF004E527C /* Release */ = {
			isa = XCBuildConfiguration;
			buildSettings = {
				ALWAYS_SEARCH_USER_PATHS = NO;
				CLANG_ANALYZER_NONNULL = YES;
				CLANG_ANALYZER_NUMBER_OBJECT_CONVERSION = YES_AGGRESSIVE;
				CLANG_CXX_LANGUAGE_STANDARD = "gnu++14";
				CLANG_CXX_LIBRARY = "libc++";
				CLANG_ENABLE_MODULES = YES;
				CLANG_ENABLE_OBJC_ARC = YES;
				CLANG_ENABLE_OBJC_WEAK = YES;
				CLANG_WARN_BLOCK_CAPTURE_AUTORELEASING = YES;
				CLANG_WARN_BOOL_CONVERSION = YES;
				CLANG_WARN_COMMA = YES;
				CLANG_WARN_CONSTANT_CONVERSION = YES;
				CLANG_WARN_DEPRECATED_OBJC_IMPLEMENTATIONS = YES;
				CLANG_WARN_DIRECT_OBJC_ISA_USAGE = YES_ERROR;
				CLANG_WARN_DOCUMENTATION_COMMENTS = YES;
				CLANG_WARN_EMPTY_BODY = YES;
				CLANG_WARN_ENUM_CONVERSION = YES;
				CLANG_WARN_INFINITE_RECURSION = YES;
				CLANG_WARN_INT_CONVERSION = YES;
				CLANG_WARN_NON_LITERAL_NULL_CONVERSION = YES;
				CLANG_WARN_OBJC_IMPLICIT_RETAIN_SELF = YES;
				CLANG_WARN_OBJC_LITERAL_CONVERSION = YES;
				CLANG_WARN_OBJC_ROOT_CLASS = YES_ERROR;
				CLANG_WARN_RANGE_LOOP_ANALYSIS = YES;
				CLANG_WARN_STRICT_PROTOTYPES = YES;
				CLANG_WARN_SUSPICIOUS_MOVE = YES;
				CLANG_WARN_UNGUARDED_AVAILABILITY = YES_AGGRESSIVE;
				CLANG_WARN_UNREACHABLE_CODE = YES;
				CLANG_WARN__DUPLICATE_METHOD_MATCH = YES;
				CODE_SIGN_IDENTITY = "iPhone Developer";
				COPY_PHASE_STRIP = NO;
				DEBUG_INFORMATION_FORMAT = "dwarf-with-dsym";
				ENABLE_NS_ASSERTIONS = NO;
				ENABLE_STRICT_OBJC_MSGSEND = YES;
				GCC_C_LANGUAGE_STANDARD = gnu11;
				GCC_NO_COMMON_BLOCKS = YES;
				GCC_WARN_64_TO_32_BIT_CONVERSION = YES;
				GCC_WARN_ABOUT_RETURN_TYPE = YES_ERROR;
				GCC_WARN_UNDECLARED_SELECTOR = YES;
				GCC_WARN_UNINITIALIZED_AUTOS = YES_AGGRESSIVE;
				GCC_WARN_UNUSED_FUNCTION = YES;
				GCC_WARN_UNUSED_VARIABLE = YES;
				IPHONEOS_DEPLOYMENT_TARGET = 12.1;
				MTL_ENABLE_DEBUG_INFO = NO;
				MTL_FAST_MATH = YES;
				SDKROOT = iphoneos;
				SWIFT_COMPILATION_MODE = wholemodule;
				SWIFT_OPTIMIZATION_LEVEL = "-O";
				VALIDATE_PRODUCT = YES;
			};
			name = Release;
		};
		A7AD4A70223770AF004E527C /* Debug */ = {
			isa = XCBuildConfiguration;
			buildSettings = {
				ASSETCATALOG_COMPILER_APPICON_NAME = AppIcon;
				CODE_SIGN_STYLE = Automatic;
				INFOPLIST_FILE = "UITableView-02/Info.plist";
				LD_RUNPATH_SEARCH_PATHS = (
					"$(inherited)",
					"@executable_path/Frameworks",
				);
				PRODUCT_BUNDLE_IDENTIFIER = "Phan-Dinh-Van.UITableView-02";
				PRODUCT_NAME = "$(TARGET_NAME)";
				SWIFT_VERSION = 4.2;
				TARGETED_DEVICE_FAMILY = "1,2";
			};
			name = Debug;
		};
		A7AD4A71223770AF004E527C /* Release */ = {
			isa = XCBuildConfiguration;
			buildSettings = {
				ASSETCATALOG_COMPILER_APPICON_NAME = AppIcon;
				CODE_SIGN_STYLE = Automatic;
				INFOPLIST_FILE = "UITableView-02/Info.plist";
				LD_RUNPATH_SEARCH_PATHS = (
					"$(inherited)",
					"@executable_path/Frameworks",
				);
				PRODUCT_BUNDLE_IDENTIFIER = "Phan-Dinh-Van.UITableView-02";
				PRODUCT_NAME = "$(TARGET_NAME)";
				SWIFT_VERSION = 4.2;
				TARGETED_DEVICE_FAMILY = "1,2";
			};
			name = Release;
		};
/* End XCBuildConfiguration section */

/* Begin XCConfigurationList section */
		A7AD4A58223770AF004E527C /* Build configuration list for PBXProject "UITableView-02" */ = {
			isa = XCConfigurationList;
			buildConfigurations = (
				A7AD4A6D223770AF004E527C /* Debug */,
				A7AD4A6E223770AF004E527C /* Release */,
			);
			defaultConfigurationIsVisible = 0;
			defaultConfigurationName = Release;
		};
		A7AD4A6F223770AF004E527C /* Build configuration list for PBXNativeTarget "UITableView-02" */ = {
			isa = XCConfigurationList;
			buildConfigurations = (
				A7AD4A70223770AF004E527C /* Debug */,
				A7AD4A71223770AF004E527C /* Release */,
			);
			defaultConfigurationIsVisible = 0;
			defaultConfigurationName = Release;
		};
/* End XCConfigurationList section */
	};
	rootObject = A7AD4A55223770AF004E527C /* Project object */;
}
